
Microsoft Visual Studio Solution File, Format Version 12.00
# Visual Studio Version 16
VisualStudioVersion = 16.0.30717.126
MinimumVisualStudioVersion = 10.0.40219.1
Project("{FAE04EC0-301F-11D3-BF4B-00C04F79EFBC}") = "ConjectureChecker", "ConjectureChecker.csproj", "{BEA0BE3B-0FA4-44E8-9892-D448A9C2626E}"
EndProject
Global
	GlobalSection(SolutionConfigurationPlatforms) = preSolution
		Debug|Any CPU = Debug|Any CPU
		Release|Any CPU = Release|Any CPU
	EndGlobalSection
	GlobalSection(ProjectConfigurationPlatforms) = postSolution
		{BEA0BE3B-0FA4-44E8-9892-D448A9C2626E}.Debug|Any CPU.ActiveCfg = Debug|Any CPU
		{BEA0BE3B-0FA4-44E8-9892-D448A9C2626E}.Debug|Any CPU.Build.0 = Debug|Any CPU
		{BEA0BE3B-0FA4-44E8-9892-D448A9C2626E}.Release|Any CPU.ActiveCfg = Release|Any CPU
		{BEA0BE3B-0FA4-44E8-9892-D448A9C2626E}.Release|Any CPU.Build.0 = Release|Any CPU
	EndGlobalSection
	GlobalSection(SolutionProperties) = preSolution
		HideSolutionNode = FALSE
	EndGlobalSection
	GlobalSection(ExtensibilityGlobals) = postSolution
		SolutionGuid = {95093706-959F-4DA3-A631-9C39AC998AD9}
	EndGlobalSection
EndGlobal
