
Microsoft Visual Studio Solution File, Format Version 12.00
# Visual Studio Version 16
VisualStudioVersion = 16.0.29911.84
MinimumVisualStudioVersion = 10.0.40219.1
Project("{9A19103F-16F7-4668-BE54-9A1E7A4F7556}") = "VizualizerWPF", "VizualizerWPF.csproj", "{2EDF0B47-6CA4-4E38-A262-CA55FD8AADFC}"
EndProject
Global
	GlobalSection(SolutionConfigurationPlatforms) = preSolution
		Debug|Any CPU = Debug|Any CPU
		Release|Any CPU = Release|Any CPU
	EndGlobalSection
	GlobalSection(ProjectConfigurationPlatforms) = postSolution
		{2EDF0B47-6CA4-4E38-A262-CA55FD8AADFC}.Debug|Any CPU.ActiveCfg = Debug|Any CPU
		{2EDF0B47-6CA4-4E38-A262-CA55FD8AADFC}.Debug|Any CPU.Build.0 = Debug|Any CPU
		{2EDF0B47-6CA4-4E38-A262-CA55FD8AADFC}.Release|Any CPU.ActiveCfg = Release|Any CPU
		{2EDF0B47-6CA4-4E38-A262-CA55FD8AADFC}.Release|Any CPU.Build.0 = Release|Any CPU
	EndGlobalSection
	GlobalSection(SolutionProperties) = preSolution
		HideSolutionNode = FALSE
	EndGlobalSection
	GlobalSection(ExtensibilityGlobals) = postSolution
		SolutionGuid = {D3DF6136-2678-4E1A-8D1A-B7F9E6C8783C}
	EndGlobalSection
EndGlobal
